
Microsoft Visual Studio Solution File, Format Version 12.00
# Visual Studio Version 17
VisualStudioVersion = 17.5.33502.453
MinimumVisualStudioVersion = 10.0.40219.1
Project("{8BC9CEB8-8B4A-11D0-8D11-00A0C91BC942}") = "Checking Shortest Distance", "Checking Shortest Distance\Checking Shortest Distance.vcxproj", "{054E8463-083D-4CAA-9847-3B3A0F2CBD9D}"
EndProject
Global
	GlobalSection(SolutionConfigurationPlatforms) = preSolution
		Debug|x64 = Debug|x64
		Debug|x86 = Debug|x86
		Release|x64 = Release|x64
		Release|x86 = Release|x86
	EndGlobalSection
	GlobalSection(ProjectConfigurationPlatforms) = postSolution
		{054E8463-083D-4CAA-9847-3B3A0F2CBD9D}.Debug|x64.ActiveCfg = Debug|x64
		{054E8463-083D-4CAA-9847-3B3A0F2CBD9D}.Debug|x64.Build.0 = Debug|x64
		{054E8463-083D-4CAA-9847-3B3A0F2CBD9D}.Debug|x86.ActiveCfg = Debug|Win32
		{054E8463-083D-4CAA-9847-3B3A0F2CBD9D}.Debug|x86.Build.0 = Debug|Win32
		{054E8463-083D-4CAA-9847-3B3A0F2CBD9D}.Release|x64.ActiveCfg = Release|x64
		{054E8463-083D-4CAA-9847-3B3A0F2CBD9D}.Release|x64.Build.0 = Release|x64
		{054E8463-083D-4CAA-9847-3B3A0F2CBD9D}.Release|x86.ActiveCfg = Release|Win32
		{054E8463-083D-4CAA-9847-3B3A0F2CBD9D}.Release|x86.Build.0 = Release|Win32
	EndGlobalSection
	GlobalSection(SolutionProperties) = preSolution
		HideSolutionNode = FALSE
	EndGlobalSection
	GlobalSection(ExtensibilityGlobals) = postSolution
		SolutionGuid = {9D4F7910-B4E7-416A-92B8-86E1A1477461}
	EndGlobalSection
EndGlobal
