
Microsoft Visual Studio Solution File, Format Version 12.00
# Visual Studio Version 17
VisualStudioVersion = 17.5.33424.131
MinimumVisualStudioVersion = 10.0.40219.1
Project("{8BC9CEB8-8B4A-11D0-8D11-00A0C91BC942}") = "Change To LomNum", "Change To LomNum\Change To LomNum.vcxproj", "{0D1F6FC3-E455-4F4F-8AC7-0FEF55DE057E}"
EndProject
Global
	GlobalSection(SolutionConfigurationPlatforms) = preSolution
		Debug|x64 = Debug|x64
		Debug|x86 = Debug|x86
		Release|x64 = Release|x64
		Release|x86 = Release|x86
	EndGlobalSection
	GlobalSection(ProjectConfigurationPlatforms) = postSolution
		{0D1F6FC3-E455-4F4F-8AC7-0FEF55DE057E}.Debug|x64.ActiveCfg = Debug|x64
		{0D1F6FC3-E455-4F4F-8AC7-0FEF55DE057E}.Debug|x64.Build.0 = Debug|x64
		{0D1F6FC3-E455-4F4F-8AC7-0FEF55DE057E}.Debug|x86.ActiveCfg = Debug|Win32
		{0D1F6FC3-E455-4F4F-8AC7-0FEF55DE057E}.Debug|x86.Build.0 = Debug|Win32
		{0D1F6FC3-E455-4F4F-8AC7-0FEF55DE057E}.Release|x64.ActiveCfg = Release|x64
		{0D1F6FC3-E455-4F4F-8AC7-0FEF55DE057E}.Release|x64.Build.0 = Release|x64
		{0D1F6FC3-E455-4F4F-8AC7-0FEF55DE057E}.Release|x86.ActiveCfg = Release|Win32
		{0D1F6FC3-E455-4F4F-8AC7-0FEF55DE057E}.Release|x86.Build.0 = Release|Win32
	EndGlobalSection
	GlobalSection(SolutionProperties) = preSolution
		HideSolutionNode = FALSE
	EndGlobalSection
	GlobalSection(ExtensibilityGlobals) = postSolution
		SolutionGuid = {F87DEB8A-C369-464C-B0B1-24F7BB7BFEFC}
	EndGlobalSection
EndGlobal
